// !$*UTF8*$!
{
	archiveVersion = 1;
	classes = {
	};
	objectVersion = 52;
	objects = {

/* Begin PBXBuildFile section */
		67A8DA9C23A12B35007A7B1C /* PopupController.swift in Sources */ = {isa = PBXBuildFile; fileRef = 67A8DA9B23A12B35007A7B1C /* PopupController.swift */; };
		67A8DAA023A132C4007A7B1C /* MenuViewController.swift in Sources */ = {isa = PBXBuildFile; fileRef = 67A8DA9F23A132C4007A7B1C /* MenuViewController.swift */; };
		67C9ECBC23A1228F001C0B61 /* AppDelegate.swift in Sources */ = {isa = PBXBuildFile; fileRef = 67C9ECBB23A1228F001C0B61 /* AppDelegate.swift */; };
		67C9ECBE23A1228F001C0B61 /* SceneDelegate.swift in Sources */ = {isa = PBXBuildFile; fileRef = 67C9ECBD23A1228F001C0B61 /* SceneDelegate.swift */; };
		67C9ECC023A1228F001C0B61 /* ViewController.swift in Sources */ = {isa = PBXBuildFile; fileRef = 67C9ECBF23A1228F001C0B61 /* ViewController.swift */; };
		67C9ECC323A1228F001C0B61 /* Main.storyboard in Resources */ = {isa = PBXBuildFile; fileRef = 67C9ECC123A1228F001C0B61 /* Main.storyboard */; };
		67C9ECC623A1228F001C0B61 /* PBL_design_pre.xcdatamodeld in Sources */ = {isa = PBXBuildFile; fileRef = 67C9ECC423A1228F001C0B61 /* PBL_design_pre.xcdatamodeld */; };
		67C9ECC823A12293001C0B61 /* Assets.xcassets in Resources */ = {isa = PBXBuildFile; fileRef = 67C9ECC723A12293001C0B61 /* Assets.xcassets */; };
		67C9ECCB23A12293001C0B61 /* LaunchScreen.storyboard in Resources */ = {isa = PBXBuildFile; fileRef = 67C9ECC923A12293001C0B61 /* LaunchScreen.storyboard */; };
		67C9ECD623A12294001C0B61 /* PBL_design_preTests.swift in Sources */ = {isa = PBXBuildFile; fileRef = 67C9ECD523A12294001C0B61 /* PBL_design_preTests.swift */; };
		67C9ECE123A12294001C0B61 /* PBL_design_preUITests.swift in Sources */ = {isa = PBXBuildFile; fileRef = 67C9ECE023A12294001C0B61 /* PBL_design_preUITests.swift */; };
/* End PBXBuildFile section */

/* Begin PBXContainerItemProxy section */
		67C9ECD223A12294001C0B61 /* PBXContainerItemProxy */ = {
			isa = PBXContainerItemProxy;
			containerPortal = 67C9ECB023A1228F001C0B61 /* Project object */;
			proxyType = 1;
			remoteGlobalIDString = 67C9ECB723A1228F001C0B61;
			remoteInfo = PBL_design_pre;
		};
		67C9ECDD23A12294001C0B61 /* PBXContainerItemProxy */ = {
			isa = PBXContainerItemProxy;
			containerPortal = 67C9ECB023A1228F001C0B61 /* Project object */;
			proxyType = 1;
			remoteGlobalIDString = 67C9ECB723A1228F001C0B61;
			remoteInfo = PBL_design_pre;
		};
/* End PBXContainerItemProxy section */

/* Begin PBXFileReference section */
		67A8DA9B23A12B35007A7B1C /* PopupController.swift */ = {isa = PBXFileReference; lastKnownFileType = sourcecode.swift; path = PopupController.swift; sourceTree = "<group>"; };
		67A8DA9F23A132C4007A7B1C /* MenuViewController.swift */ = {isa = PBXFileReference; lastKnownFileType = sourcecode.swift; path = MenuViewController.swift; sourceTree = "<group>"; };
		67C9ECB823A1228F001C0B61 /* PBL_design_pre.app */ = {isa = PBXFileReference; explicitFileType = wrapper.application; includeInIndex = 0; path = PBL_design_pre.app; sourceTree = BUILT_PRODUCTS_DIR; };
		67C9ECBB23A1228F001C0B61 /* AppDelegate.swift */ = {isa = PBXFileReference; lastKnownFileType = sourcecode.swift; path = AppDelegate.swift; sourceTree = "<group>"; };
		67C9ECBD23A1228F001C0B61 /* SceneDelegate.swift */ = {isa = PBXFileReference; lastKnownFileType = sourcecode.swift; path = SceneDelegate.swift; sourceTree = "<group>"; };
		67C9ECBF23A1228F001C0B61 /* ViewController.swift */ = {isa = PBXFileReference; lastKnownFileType = sourcecode.swift; path = ViewController.swift; sourceTree = "<group>"; };
		67C9ECC223A1228F001C0B61 /* Base */ = {isa = PBXFileReference; lastKnownFileType = file.storyboard; name = Base; path = Base.lproj/Main.storyboard; sourceTree = "<group>"; };
		67C9ECC523A1228F001C0B61 /* PBL_design_pre.xcdatamodel */ = {isa = PBXFileReference; lastKnownFileType = wrapper.xcdatamodel; path = PBL_design_pre.xcdatamodel; sourceTree = "<group>"; };
		67C9ECC723A12293001C0B61 /* Assets.xcassets */ = {isa = PBXFileReference; lastKnownFileType = folder.assetcatalog; path = Assets.xcassets; sourceTree = "<group>"; };
		67C9ECCA23A12293001C0B61 /* Base */ = {isa = PBXFileReference; lastKnownFileType = file.storyboard; name = Base; path = Base.lproj/LaunchScreen.storyboard; sourceTree = "<group>"; };
		67C9ECCC23A12293001C0B61 /* Info.plist */ = {isa = PBXFileReference; lastKnownFileType = text.plist.xml; path = Info.plist; sourceTree = "<group>"; };
		67C9ECD123A12294001C0B61 /* PBL_design_preTests.xctest */ = {isa = PBXFileReference; explicitFileType = wrapper.cfbundle; includeInIndex = 0; path = PBL_design_preTests.xctest; sourceTree = BUILT_PRODUCTS_DIR; };
		67C9ECD523A12294001C0B61 /* PBL_design_preTests.swift */ = {isa = PBXFileReference; lastKnownFileType = sourcecode.swift; path = PBL_design_preTests.swift; sourceTree = "<group>"; };
		67C9ECD723A12294001C0B61 /* Info.plist */ = {isa = PBXFileReference; lastKnownFileType = text.plist.xml; path = Info.plist; sourceTree = "<group>"; };
		67C9ECDC23A12294001C0B61 /* PBL_design_preUITests.xctest */ = {isa = PBXFileReference; explicitFileType = wrapper.cfbundle; includeInIndex = 0; path = PBL_design_preUITests.xctest; sourceTree = BUILT_PRODUCTS_DIR; };
		67C9ECE023A12294001C0B61 /* PBL_design_preUITests.swift */ = {isa = PBXFileReference; lastKnownFileType = sourcecode.swift; path = PBL_design_preUITests.swift; sourceTree = "<group>"; };
		67C9ECE223A12294001C0B61 /* Info.plist */ = {isa = PBXFileReference; lastKnownFileType = text.plist.xml; path = Info.plist; sourceTree = "<group>"; };
/* End PBXFileReference section */

/* Begin PBXFrameworksBuildPhase section */
		67C9ECB523A1228F001C0B61 /* Frameworks */ = {
			isa = PBXFrameworksBuildPhase;
			buildActionMask = 2147483647;
			files = (
			);
			runOnlyForDeploymentPostprocessing = 0;
		};
		67C9ECCE23A12294001C0B61 /* Frameworks */ = {
			isa = PBXFrameworksBuildPhase;
			buildActionMask = 2147483647;
			files = (
			);
			runOnlyForDeploymentPostprocessing = 0;
		};
		67C9ECD923A12294001C0B61 /* Frameworks */ = {
			isa = PBXFrameworksBuildPhase;
			buildActionMask = 2147483647;
			files = (
			);
			runOnlyForDeploymentPostprocessing = 0;
		};
/* End PBXFrameworksBuildPhase section */

/* Begin PBXGroup section */
		67C9ECAF23A1228F001C0B61 = {
			isa = PBXGroup;
			children = (
				67C9ECBA23A1228F001C0B61 /* PBL_design_pre */,
				67C9ECD423A12294001C0B61 /* PBL_design_preTests */,
				67C9ECDF23A12294001C0B61 /* PBL_design_preUITests */,
				67C9ECB923A1228F001C0B61 /* Products */,
			);
			sourceTree = "<group>";
		};
		67C9ECB923A1228F001C0B61 /* Products */ = {
			isa = PBXGroup;
			children = (
				67C9ECB823A1228F001C0B61 /* PBL_design_pre.app */,
				67C9ECD123A12294001C0B61 /* PBL_design_preTests.xctest */,
				67C9ECDC23A12294001C0B61 /* PBL_design_preUITests.xctest */,
			);
			name = Products;
			sourceTree = "<group>";
		};
		67C9ECBA23A1228F001C0B61 /* PBL_design_pre */ = {
			isa = PBXGroup;
			children = (
				67C9ECBB23A1228F001C0B61 /* AppDelegate.swift */,
				67C9ECBD23A1228F001C0B61 /* SceneDelegate.swift */,
				67C9ECBF23A1228F001C0B61 /* ViewController.swift */,
				67C9ECC123A1228F001C0B61 /* Main.storyboard */,
				67C9ECC723A12293001C0B61 /* Assets.xcassets */,
				67C9ECC923A12293001C0B61 /* LaunchScreen.storyboard */,
				67C9ECCC23A12293001C0B61 /* Info.plist */,
				67C9ECC423A1228F001C0B61 /* PBL_design_pre.xcdatamodeld */,
				67A8DA9B23A12B35007A7B1C /* PopupController.swift */,
				67A8DA9F23A132C4007A7B1C /* MenuViewController.swift */,
			);
			path = PBL_design_pre;
			sourceTree = "<group>";
		};
		67C9ECD423A12294001C0B61 /* PBL_design_preTests */ = {
			isa = PBXGroup;
			children = (
				67C9ECD523A12294001C0B61 /* PBL_design_preTests.swift */,
				67C9ECD723A12294001C0B61 /* Info.plist */,
			);
			path = PBL_design_preTests;
			sourceTree = "<group>";
		};
		67C9ECDF23A12294001C0B61 /* PBL_design_preUITests */ = {
			isa = PBXGroup;
			children = (
				67C9ECE023A12294001C0B61 /* PBL_design_preUITests.swift */,
				67C9ECE223A12294001C0B61 /* Info.plist */,
			);
			path = PBL_design_preUITests;
			sourceTree = "<group>";
		};
/* End PBXGroup section */

/* Begin PBXNativeTarget section */
		67C9ECB723A1228F001C0B61 /* PBL_design_pre */ = {
			isa = PBXNativeTarget;
			buildConfigurationList = 67C9ECE523A12294001C0B61 /* Build configuration list for PBXNativeTarget "PBL_design_pre" */;
			buildPhases = (
				67C9ECB423A1228F001C0B61 /* Sources */,
				67C9ECB523A1228F001C0B61 /* Frameworks */,
				67C9ECB623A1228F001C0B61 /* Resources */,
			);
			buildRules = (
			);
			dependencies = (
			);
			name = PBL_design_pre;
			productName = PBL_design_pre;
			productReference = 67C9ECB823A1228F001C0B61 /* PBL_design_pre.app */;
			productType = "com.apple.product-type.application";
		};
		67C9ECD023A12294001C0B61 /* PBL_design_preTests */ = {
			isa = PBXNativeTarget;
			buildConfigurationList = 67C9ECE823A12294001C0B61 /* Build configuration list for PBXNativeTarget "PBL_design_preTests" */;
			buildPhases = (
				67C9ECCD23A12294001C0B61 /* Sources */,
				67C9ECCE23A12294001C0B61 /* Frameworks */,
				67C9ECCF23A12294001C0B61 /* Resources */,
			);
			buildRules = (
			);
			dependencies = (
				67C9ECD323A12294001C0B61 /* PBXTargetDependency */,
			);
			name = PBL_design_preTests;
			productName = PBL_design_preTests;
			productReference = 67C9ECD123A12294001C0B61 /* PBL_design_preTests.xctest */;
			productType = "com.apple.product-type.bundle.unit-test";
		};
		67C9ECDB23A12294001C0B61 /* PBL_design_preUITests */ = {
			isa = PBXNativeTarget;
			buildConfigurationList = 67C9ECEB23A12294001C0B61 /* Build configuration list for PBXNativeTarget "PBL_design_preUITests" */;
			buildPhases = (
				67C9ECD823A12294001C0B61 /* Sources */,
				67C9ECD923A12294001C0B61 /* Frameworks */,
				67C9ECDA23A12294001C0B61 /* Resources */,
			);
			buildRules = (
			);
			dependencies = (
				67C9ECDE23A12294001C0B61 /* PBXTargetDependency */,
			);
			name = PBL_design_preUITests;
			productName = PBL_design_preUITests;
			productReference = 67C9ECDC23A12294001C0B61 /* PBL_design_preUITests.xctest */;
			productType = "com.apple.product-type.bundle.ui-testing";
		};
/* End PBXNativeTarget section */

/* Begin PBXProject section */
		67C9ECB023A1228F001C0B61 /* Project object */ = {
			isa = PBXProject;
			attributes = {
				LastSwiftUpdateCheck = 1120;
				LastUpgradeCheck = 1120;
				ORGANIZATIONNAME = KurohataY;
				TargetAttributes = {
					67C9ECB723A1228F001C0B61 = {
						CreatedOnToolsVersion = 11.2.1;
					};
					67C9ECD023A12294001C0B61 = {
						CreatedOnToolsVersion = 11.2.1;
						TestTargetID = 67C9ECB723A1228F001C0B61;
					};
					67C9ECDB23A12294001C0B61 = {
						CreatedOnToolsVersion = 11.2.1;
						TestTargetID = 67C9ECB723A1228F001C0B61;
					};
				};
			};
			buildConfigurationList = 67C9ECB323A1228F001C0B61 /* Build configuration list for PBXProject "PBL_design_pre" */;
			compatibilityVersion = "Xcode 11.0";
			developmentRegion = en;
			hasScannedForEncodings = 0;
			knownRegions = (
				en,
				Base,
			);
			mainGroup = 67C9ECAF23A1228F001C0B61;
			productRefGroup = 67C9ECB923A1228F001C0B61 /* Products */;
			projectDirPath = "";
			projectRoot = "";
			targets = (
				67C9ECB723A1228F001C0B61 /* PBL_design_pre */,
				67C9ECD023A12294001C0B61 /* PBL_design_preTests */,
				67C9ECDB23A12294001C0B61 /* PBL_design_preUITests */,
			);
		};
/* End PBXProject section */

/* Begin PBXResourcesBuildPhase section */
		67C9ECB623A1228F001C0B61 /* Resources */ = {
			isa = PBXResourcesBuildPhase;
			buildActionMask = 2147483647;
			files = (
				67C9ECCB23A12293001C0B61 /* LaunchScreen.storyboard in Resources */,
				67C9ECC823A12293001C0B61 /* Assets.xcassets in Resources */,
				67C9ECC323A1228F001C0B61 /* Main.storyboard in Resources */,
			);
			runOnlyForDeploymentPostprocessing = 0;
		};
		67C9ECCF23A12294001C0B61 /* Resources */ = {
			isa = PBXResourcesBuildPhase;
			buildActionMask = 2147483647;
			files = (
			);
			runOnlyForDeploymentPostprocessing = 0;
		};
		67C9ECDA23A12294001C0B61 /* Resources */ = {
			isa = PBXResourcesBuildPhase;
			buildActionMask = 2147483647;
			files = (
			);
			runOnlyForDeploymentPostprocessing = 0;
		};
/* End PBXResourcesBuildPhase section */

/* Begin PBXSourcesBuildPhase section */
		67C9ECB423A1228F001C0B61 /* Sources */ = {
			isa = PBXSourcesBuildPhase;
			buildActionMask = 2147483647;
			files = (
				67A8DA9C23A12B35007A7B1C /* PopupController.swift in Sources */,
				67A8DAA023A132C4007A7B1C /* MenuViewController.swift in Sources */,
				67C9ECC623A1228F001C0B61 /* PBL_design_pre.xcdatamodeld in Sources */,
				67C9ECC023A1228F001C0B61 /* ViewController.swift in Sources */,
				67C9ECBC23A1228F001C0B61 /* AppDelegate.swift in Sources */,
				67C9ECBE23A1228F001C0B61 /* SceneDelegate.swift in Sources */,
			);
			runOnlyForDeploymentPostprocessing = 0;
		};
		67C9ECCD23A12294001C0B61 /* Sources */ = {
			isa = PBXSourcesBuildPhase;
			buildActionMask = 2147483647;
			files = (
				67C9ECD623A12294001C0B61 /* PBL_design_preTests.swift in Sources */,
			);
			runOnlyForDeploymentPostprocessing = 0;
		};
		67C9ECD823A12294001C0B61 /* Sources */ = {
			isa = PBXSourcesBuildPhase;
			buildActionMask = 2147483647;
			files = (
				67C9ECE123A12294001C0B61 /* PBL_design_preUITests.swift in Sources */,
			);
			runOnlyForDeploymentPostprocessing = 0;
		};
/* End PBXSourcesBuildPhase section */

/* Begin PBXTargetDependency section */
		67C9ECD323A12294001C0B61 /* PBXTargetDependency */ = {
			isa = PBXTargetDependency;
			target = 67C9ECB723A1228F001C0B61 /* PBL_design_pre */;
			targetProxy = 67C9ECD223A12294001C0B61 /* PBXContainerItemProxy */;
		};
		67C9ECDE23A12294001C0B61 /* PBXTargetDependency */ = {
			isa = PBXTargetDependency;
			target = 67C9ECB723A1228F001C0B61 /* PBL_design_pre */;
			targetProxy = 67C9ECDD23A12294001C0B61 /* PBXContainerItemProxy */;
		};
/* End PBXTargetDependency section */

/* Begin PBXVariantGroup section */
		67C9ECC123A1228F001C0B61 /* Main.storyboard */ = {
			isa = PBXVariantGroup;
			children = (
				67C9ECC223A1228F001C0B61 /* Base */,
			);
			name = Main.storyboard;
			sourceTree = "<group>";
		};
		67C9ECC923A12293001C0B61 /* LaunchScreen.storyboard */ = {
			isa = PBXVariantGroup;
			children = (
				67C9ECCA23A12293001C0B61 /* Base */,
			);
			name = LaunchScreen.storyboard;
			sourceTree = "<group>";
		};
/* End PBXVariantGroup section */

/* Begin XCBuildConfiguration section */
		67C9ECE323A12294001C0B61 /* Debug */ = {
			isa = XCBuildConfiguration;
			buildSettings = {
				ALWAYS_SEARCH_USER_PATHS = NO;
				CLANG_ANALYZER_NONNULL = YES;
				CLANG_ANALYZER_NUMBER_OBJECT_CONVERSION = YES_AGGRESSIVE;
				CLANG_CXX_LANGUAGE_STANDARD = "gnu++14";
				CLANG_CXX_LIBRARY = "libc++";
				CLANG_ENABLE_MODULES = YES;
				CLANG_ENABLE_OBJC_ARC = YES;
				CLANG_ENABLE_OBJC_WEAK = YES;
				CLANG_WARN_BLOCK_CAPTURE_AUTORELEASING = YES;
				CLANG_WARN_BOOL_CONVERSION = YES;
				CLANG_WARN_COMMA = YES;
				CLANG_WARN_CONSTANT_CONVERSION = YES;
				CLANG_WARN_DEPRECATED_OBJC_IMPLEMENTATIONS = YES;
				CLANG_WARN_DIRECT_OBJC_ISA_USAGE = YES_ERROR;
				CLANG_WARN_DOCUMENTATION_COMMENTS = YES;
				CLANG_WARN_EMPTY_BODY = YES;
				CLANG_WARN_ENUM_CONVERSION = YES;
				CLANG_WARN_INFINITE_RECURSION = YES;
				CLANG_WARN_INT_CONVERSION = YES;
				CLANG_WARN_NON_LITERAL_NULL_CONVERSION = YES;
				CLANG_WARN_OBJC_IMPLICIT_RETAIN_SELF = YES;
				CLANG_WARN_OBJC_LITERAL_CONVERSION = YES;
				CLANG_WARN_OBJC_ROOT_CLASS = YES_ERROR;
				CLANG_WARN_RANGE_LOOP_ANALYSIS = YES;
				CLANG_WARN_STRICT_PROTOTYPES = YES;
				CLANG_WARN_SUSPICIOUS_MOVE = YES;
				CLANG_WARN_UNGUARDED_AVAILABILITY = YES_AGGRESSIVE;
				CLANG_WARN_UNREACHABLE_CODE = YES;
				CLANG_WARN__DUPLICATE_METHOD_MATCH = YES;
				COPY_PHASE_STRIP = NO;
				DEBUG_INFORMATION_FORMAT = dwarf;
				ENABLE_STRICT_OBJC_MSGSEND = YES;
				ENABLE_TESTABILITY = YES;
				GCC_C_LANGUAGE_STANDARD = gnu11;
				GCC_DYNAMIC_NO_PIC = NO;
				GCC_NO_COMMON_BLOCKS = YES;
				GCC_OPTIMIZATION_LEVEL = 0;
				GCC_PREPROCESSOR_DEFINITIONS = (
					"DEBUG=1",
					"$(inherited)",
				);
				GCC_WARN_64_TO_32_BIT_CONVERSION = YES;
				GCC_WARN_ABOUT_RETURN_TYPE = YES_ERROR;
				GCC_WARN_UNDECLARED_SELECTOR = YES;
				GCC_WARN_UNINITIALIZED_AUTOS = YES_AGGRESSIVE;
				GCC_WARN_UNUSED_FUNCTION = YES;
				GCC_WARN_UNUSED_VARIABLE = YES;
				IPHONEOS_DEPLOYMENT_TARGET = 13.2;
				MTL_ENABLE_DEBUG_INFO = INCLUDE_SOURCE;
				MTL_FAST_MATH = YES;
				ONLY_ACTIVE_ARCH = YES;
				SDKROOT = iphoneos;
				SWIFT_ACTIVE_COMPILATION_CONDITIONS = DEBUG;
				SWIFT_OPTIMIZATION_LEVEL = "-Onone";
			};
			name = Debug;
		};
		67C9ECE423A12294001C0B61 /* Release */ = {
			isa = XCBuildConfiguration;
			buildSettings = {
				ALWAYS_SEARCH_USER_PATHS = NO;
				CLANG_ANALYZER_NONNULL = YES;
				CLANG_ANALYZER_NUMBER_OBJECT_CONVERSION = YES_AGGRESSIVE;
				CLANG_CXX_LANGUAGE_STANDARD = "gnu++14";
				CLANG_CXX_LIBRARY = "libc++";
				CLANG_ENABLE_MODULES = YES;
				CLANG_ENABLE_OBJC_ARC = YES;
				CLANG_ENABLE_OBJC_WEAK = YES;
				CLANG_WARN_BLOCK_CAPTURE_AUTORELEASING = YES;
				CLANG_WARN_BOOL_CONVERSION = YES;
				CLANG_WARN_COMMA = YES;
				CLANG_WARN_CONSTANT_CONVERSION = YES;
				CLANG_WARN_DEPRECATED_OBJC_IMPLEMENTATIONS = YES;
				CLANG_WARN_DIRECT_OBJC_ISA_USAGE = YES_ERROR;
				CLANG_WARN_DOCUMENTATION_COMMENTS = YES;
				CLANG_WARN_EMPTY_BODY = YES;
				CLANG_WARN_ENUM_CONVERSION = YES;
				CLANG_WARN_INFINITE_RECURSION = YES;
				CLANG_WARN_INT_CONVERSION = YES;
				CLANG_WARN_NON_LITERAL_NULL_CONVERSION = YES;
				CLANG_WARN_OBJC_IMPLICIT_RETAIN_SELF = YES;
				CLANG_WARN_OBJC_LITERAL_CONVERSION = YES;
				CLANG_WARN_OBJC_ROOT_CLASS = YES_ERROR;
				CLANG_WARN_RANGE_LOOP_ANALYSIS = YES;
				CLANG_WARN_STRICT_PROTOTYPES = YES;
				CLANG_WARN_SUSPICIOUS_MOVE = YES;
				CLANG_WARN_UNGUARDED_AVAILABILITY = YES_AGGRESSIVE;
				CLANG_WARN_UNREACHABLE_CODE = YES;
				CLANG_WARN__DUPLICATE_METHOD_MATCH = YES;
				COPY_PHASE_STRIP = NO;
				DEBUG_INFORMATION_FORMAT = "dwarf-with-dsym";
				ENABLE_NS_ASSERTIONS = NO;
				ENABLE_STRICT_OBJC_MSGSEND = YES;
				GCC_C_LANGUAGE_STANDARD = gnu11;
				GCC_NO_COMMON_BLOCKS = YES;
				GCC_WARN_64_TO_32_BIT_CONVERSION = YES;
				GCC_WARN_ABOUT_RETURN_TYPE = YES_ERROR;
				GCC_WARN_UNDECLARED_SELECTOR = YES;
				GCC_WARN_UNINITIALIZED_AUTOS = YES_AGGRESSIVE;
				GCC_WARN_UNUSED_FUNCTION = YES;
				GCC_WARN_UNUSED_VARIABLE = YES;
				IPHONEOS_DEPLOYMENT_TARGET = 13.2;
				MTL_ENABLE_DEBUG_INFO = NO;
				MTL_FAST_MATH = YES;
				SDKROOT = iphoneos;
				SWIFT_COMPILATION_MODE = wholemodule;
				SWIFT_OPTIMIZATION_LEVEL = "-O";
				VALIDATE_PRODUCT = YES;
			};
			name = Release;
		};
		67C9ECE623A12294001C0B61 /* Debug */ = {
			isa = XCBuildConfiguration;
			buildSettings = {
				ASSETCATALOG_COMPILER_APPICON_NAME = AppIcon;
				CODE_SIGN_STYLE = Automatic;
				DEVELOPMENT_TEAM = X8686LA3B4;
				INFOPLIST_FILE = PBL_design_pre/Info.plist;
				LD_RUNPATH_SEARCH_PATHS = (
					"$(inherited)",
					"@executable_path/Frameworks",
				);
				PRODUCT_BUNDLE_IDENTIFIER = "PBL.PBL-design-pre";
				PRODUCT_NAME = "$(TARGET_NAME)";
				SWIFT_VERSION = 5.0;
				TARGETED_DEVICE_FAMILY = "1,2";
			};
			name = Debug;
		};
		67C9ECE723A12294001C0B61 /* Release */ = {
			isa = XCBuildConfiguration;
			buildSettings = {
				ASSETCATALOG_COMPILER_APPICON_NAME = AppIcon;
				CODE_SIGN_STYLE = Automatic;
				DEVELOPMENT_TEAM = X8686LA3B4;
				INFOPLIST_FILE = PBL_design_pre/Info.plist;
				LD_RUNPATH_SEARCH_PATHS = (
					"$(inherited)",
					"@executable_path/Frameworks",
				);
				PRODUCT_BUNDLE_IDENTIFIER = "PBL.PBL-design-pre";
				PRODUCT_NAME = "$(TARGET_NAME)";
				SWIFT_VERSION = 5.0;
				TARGETED_DEVICE_FAMILY = "1,2";
			};
			name = Release;
		};
		67C9ECE923A12294001C0B61 /* Debug */ = {
			isa = XCBuildConfiguration;
			buildSettings = {
				ALWAYS_EMBED_SWIFT_STANDARD_LIBRARIES = YES;
				BUNDLE_LOADER = "$(TEST_HOST)";
				CODE_SIGN_STYLE = Automatic;
				DEVELOPMENT_TEAM = X8686LA3B4;
				INFOPLIST_FILE = PBL_design_preTests/Info.plist;
				IPHONEOS_DEPLOYMENT_TARGET = 13.2;
				LD_RUNPATH_SEARCH_PATHS = (
					"$(inherited)",
					"@executable_path/Frameworks",
					"@loader_path/Frameworks",
				);
				PRODUCT_BUNDLE_IDENTIFIER = "PBL.PBL-design-preTests";
				PRODUCT_NAME = "$(TARGET_NAME)";
				SWIFT_VERSION = 5.0;
				TARGETED_DEVICE_FAMILY = "1,2";
				TEST_HOST = "$(BUILT_PRODUCTS_DIR)/PBL_design_pre.app/PBL_design_pre";
			};
			name = Debug;
		};
		67C9ECEA23A12294001C0B61 /* Release */ = {
			isa = XCBuildConfiguration;
			buildSettings = {
				ALWAYS_EMBED_SWIFT_STANDARD_LIBRARIES = YES;
				BUNDLE_LOADER = "$(TEST_HOST)";
				CODE_SIGN_STYLE = Automatic;
				DEVELOPMENT_TEAM = X8686LA3B4;
				INFOPLIST_FILE = PBL_design_preTests/Info.plist;
				IPHONEOS_DEPLOYMENT_TARGET = 13.2;
				LD_RUNPATH_SEARCH_PATHS = (
					"$(inherited)",
					"@executable_path/Frameworks",
					"@loader_path/Frameworks",
				);
				PRODUCT_BUNDLE_IDENTIFIER = "PBL.PBL-design-preTests";
				PRODUCT_NAME = "$(TARGET_NAME)";
				SWIFT_VERSION = 5.0;
				TARGETED_DEVICE_FAMILY = "1,2";
				TEST_HOST = "$(BUILT_PRODUCTS_DIR)/PBL_design_pre.app/PBL_design_pre";
			};
			name = Release;
		};
		67C9ECEC23A12294001C0B61 /* Debug */ = {
			isa = XCBuildConfiguration;
			buildSettings = {
				ALWAYS_EMBED_SWIFT_STANDARD_LIBRARIES = YES;
				CODE_SIGN_STYLE = Automatic;
				DEVELOPMENT_TEAM = X8686LA3B4;
				INFOPLIST_FILE = PBL_design_preUITests/Info.plist;
				LD_RUNPATH_SEARCH_PATHS = (
					"$(inherited)",
					"@executable_path/Frameworks",
					"@loader_path/Frameworks",
				);
				PRODUCT_BUNDLE_IDENTIFIER = "PBL.PBL-design-preUITests";
				PRODUCT_NAME = "$(TARGET_NAME)";
				SWIFT_VERSION = 5.0;
				TARGETED_DEVICE_FAMILY = "1,2";
				TEST_TARGET_NAME = PBL_design_pre;
			};
			name = Debug;
		};
		67C9ECED23A12294001C0B61 /* Release */ = {
			isa = XCBuildConfiguration;
			buildSettings = {
				ALWAYS_EMBED_SWIFT_STANDARD_LIBRARIES = YES;
				CODE_SIGN_STYLE = Automatic;
				DEVELOPMENT_TEAM = X8686LA3B4;
				INFOPLIST_FILE = PBL_design_preUITests/Info.plist;
				LD_RUNPATH_SEARCH_PATHS = (
					"$(inherited)",
					"@executable_path/Frameworks",
					"@loader_path/Frameworks",
				);
				PRODUCT_BUNDLE_IDENTIFIER = "PBL.PBL-design-preUITests";
				PRODUCT_NAME = "$(TARGET_NAME)";
				SWIFT_VERSION = 5.0;
				TARGETED_DEVICE_FAMILY = "1,2";
				TEST_TARGET_NAME = PBL_design_pre;
			};
			name = Release;
		};
/* End XCBuildConfiguration section */

/* Begin XCConfigurationList section */
		67C9ECB323A1228F001C0B61 /* Build configuration list for PBXProject "PBL_design_pre" */ = {
			isa = XCConfigurationList;
			buildConfigurations = (
				67C9ECE323A12294001C0B61 /* Debug */,
				67C9ECE423A12294001C0B61 /* Release */,
			);
			defaultConfigurationIsVisible = 0;
			defaultConfigurationName = Release;
		};
		67C9ECE523A12294001C0B61 /* Build configuration list for PBXNativeTarget "PBL_design_pre" */ = {
			isa = XCConfigurationList;
			buildConfigurations = (
				67C9ECE623A12294001C0B61 /* Debug */,
				67C9ECE723A12294001C0B61 /* Release */,
			);
			defaultConfigurationIsVisible = 0;
			defaultConfigurationName = Release;
		};
		67C9ECE823A12294001C0B61 /* Build configuration list for PBXNativeTarget "PBL_design_preTests" */ = {
			isa = XCConfigurationList;
			buildConfigurations = (
				67C9ECE923A12294001C0B61 /* Debug */,
				67C9ECEA23A12294001C0B61 /* Release */,
			);
			defaultConfigurationIsVisible = 0;
			defaultConfigurationName = Release;
		};
		67C9ECEB23A12294001C0B61 /* Build configuration list for PBXNativeTarget "PBL_design_preUITests" */ = {
			isa = XCConfigurationList;
			buildConfigurations = (
				67C9ECEC23A12294001C0B61 /* Debug */,
				67C9ECED23A12294001C0B61 /* Release */,
			);
			defaultConfigurationIsVisible = 0;
			defaultConfigurationName = Release;
		};
/* End XCConfigurationList section */

/* Begin XCVersionGroup section */
		67C9ECC423A1228F001C0B61 /* PBL_design_pre.xcdatamodeld */ = {
			isa = XCVersionGroup;
			children = (
				67C9ECC523A1228F001C0B61 /* PBL_design_pre.xcdatamodel */,
			);
			currentVersion = 67C9ECC523A1228F001C0B61 /* PBL_design_pre.xcdatamodel */;
			path = PBL_design_pre.xcdatamodeld;
			sourceTree = "<group>";
			versionGroupType = wrapper.xcdatamodel;
		};
/* End XCVersionGroup section */
	};
	rootObject = 67C9ECB023A1228F001C0B61 /* Project object */;
}
